
Microsoft Visual Studio Solution File, Format Version 12.00
# Visual Studio Version 17
VisualStudioVersion = 17.11.34929.205
MinimumVisualStudioVersion = 10.0.40219.1
Project("{9A19103F-16F7-4668-BE54-9A1E7A4F7556}") = "Question_Module", "Question_Module\Question_Module.csproj", "{FC9292C2-4E3A-49A9-BEF4-0656B203B763}"
EndProject
Project("{FAE04EC0-301F-11D3-BF4B-00C04F79EFBC}") = "QuestionManagement", "QuestionManagement\QuestionManagement.csproj", "{FEEA6BC0-BEAB-4275-8D7B-B6E4F4FBCE78}"
EndProject
Global
	GlobalSection(SolutionConfigurationPlatforms) = preSolution
		Debug|Any CPU = Debug|Any CPU
		Release|Any CPU = Release|Any CPU
	EndGlobalSection
	GlobalSection(ProjectConfigurationPlatforms) = postSolution
		{FC9292C2-4E3A-49A9-BEF4-0656B203B763}.Debug|Any CPU.ActiveCfg = Debug|Any CPU
		{FC9292C2-4E3A-49A9-BEF4-0656B203B763}.Debug|Any CPU.Build.0 = Debug|Any CPU
		{FC9292C2-4E3A-49A9-BEF4-0656B203B763}.Release|Any CPU.ActiveCfg = Release|Any CPU
		{FC9292C2-4E3A-49A9-BEF4-0656B203B763}.Release|Any CPU.Build.0 = Release|Any CPU
		{FEEA6BC0-BEAB-4275-8D7B-B6E4F4FBCE78}.Debug|Any CPU.ActiveCfg = Debug|Any CPU
		{FEEA6BC0-BEAB-4275-8D7B-B6E4F4FBCE78}.Debug|Any CPU.Build.0 = Debug|Any CPU
		{FEEA6BC0-BEAB-4275-8D7B-B6E4F4FBCE78}.Release|Any CPU.ActiveCfg = Release|Any CPU
		{FEEA6BC0-BEAB-4275-8D7B-B6E4F4FBCE78}.Release|Any CPU.Build.0 = Release|Any CPU
	EndGlobalSection
	GlobalSection(SolutionProperties) = preSolution
		HideSolutionNode = FALSE
	EndGlobalSection
	GlobalSection(ExtensibilityGlobals) = postSolution
		SolutionGuid = {929B8D97-84D0-46DB-B16F-EE4689551EA9}
	EndGlobalSection
EndGlobal
